{
  "name": "ua-dim-quality-gates",
  "lockfileVersion": 3,
  "requires": true,
  "packages": {
    "": {
      "name": "ua-dim-quality-gates",
      "devDependencies": {
        "@axe-core/playwright": "4.13.0",
        "@playwright/test": "1.63.0",
        "@sentry/browser": "10.73.0",
        "@sentry/cli": "3.7.0"
      }
    },
    "node_modules/@axe-core/playwright": {
      "version": "4.13.0",
      "resolved": "https://registry.npmjs.org/@axe-core/playwright/-/playwright-4.13.0.tgz",
      "integrity": "sha512-6YLx+kxXu5GJceG4ozFg+33a2EMTdjYwWGloJ3sb9Kta5pp+ZNS53uxGVog5JetIY8s++P5UrtX+cri+u0VAVg==",
      "dev": true,
      "license": "MPL-2.0",
      "dependencies": {
        "axe-core": "~4.13.0"
      },
      "peerDependencies": {
        "playwright-core": ">= 1.0.0"
      }
    },
    "node_modules/@playwright/test": {
      "version": "1.63.0",
      "resolved": "https://registry.npmjs.org/@playwright/test/-/test-1.63.0.tgz",
      "integrity": "sha512-oxMK4vllB9RK5NQ2l1pq1IfOf2AvnEuj/vYGDj0H2nMtmtZpKtCwt/l00GEO6xjGfpBNAvjovvYdCm50dRQkpQ==",
      "dev": true,
      "license": "Apache-2.0",
      "dependencies": {
        "playwright": "1.63.0"
      },
      "bin": {
        "playwright": "cli.js"
      },
      "engines": {
        "node": ">=20"
      }
    },
    "node_modules/@sentry/browser": {
      "version": "10.73.0",
      "resolved": "https://registry.npmjs.org/@sentry/browser/-/browser-10.73.0.tgz",
      "integrity": "sha512-HqTe1S5RrWLufhX2LaFP3yNoMxfNDroh120bq1zdGHZfFDBMJQ0CDXxHO+L4UJfQ5dWdCCzWbXIAiZuWGa/DFQ==",
      "dev": true,
      "license": "MIT",
      "dependencies": {
        "@sentry/browser-utils": "10.73.0",
        "@sentry/conventions": "^0.16.0",
        "@sentry/core": "10.73.0",
        "@sentry/feedback": "10.73.0",
        "@sentry/replay": "10.73.0",
        "@sentry/replay-canvas": "10.73.0"
      },
      "engines": {
        "node": ">=18"
      }
    },
    "node_modules/@sentry/browser-utils": {
      "version": "10.73.0",
      "resolved": "https://registry.npmjs.org/@sentry/browser-utils/-/browser-utils-10.73.0.tgz",
      "integrity": "sha512-qQygxJZ+RV779+iL1+lrJ4f4sZLgbgW0/JWPNp0YlcEAE62yCsdKbqoTEjB/EugdS4mSjBMX0chZC6rblu2Ycw==",
      "dev": true,
      "license": "MIT",
      "dependencies": {
        "@sentry/conventions": "^0.16.0",
        "@sentry/core": "10.73.0"
      },
      "engines": {
        "node": ">=18"
      }
    },
    "node_modules/@sentry/cli": {
      "version": "3.7.0",
      "resolved": "https://registry.npmjs.org/@sentry/cli/-/cli-3.7.0.tgz",
      "integrity": "sha512-UV6/hUaEL7X1ATx5RHPfDEObh+nTRwOeUkNwF6R+HDo6iAki063GiLOmkfroemkVD0L4370SSvGtc5+Y7MZkhQ==",
      "dev": true,
      "hasInstallScript": true,
      "license": "FSL-1.1-MIT",
      "dependencies": {
        "progress": "^2.0.3",
        "proxy-from-env": "^1.1.0",
        "undici": "^6.22.0",
        "which": "^2.0.2"
      },
      "bin": {
        "sentry-cli": "bin/sentry-cli"
      },
      "engines": {
        "node": ">= 18"
      },
      "optionalDependencies": {
        "@sentry/cli-darwin": "3.7.0",
        "@sentry/cli-linux-arm": "3.7.0",
        "@sentry/cli-linux-arm64": "3.7.0",
        "@sentry/cli-linux-i686": "3.7.0",
        "@sentry/cli-linux-x64": "3.7.0",
        "@sentry/cli-win32-arm64": "3.7.0",
        "@sentry/cli-win32-i686": "3.7.0",
        "@sentry/cli-win32-x64": "3.7.0"
      }
    },
    "node_modules/@sentry/cli-darwin": {
      "version": "3.7.0",
      "resolved": "https://registry.npmjs.org/@sentry/cli-darwin/-/cli-darwin-3.7.0.tgz",
      "integrity": "sha512-Kb6Oem+6lfxkWSH8iz8DHwYmbMtYxFoTk3VHfeTkpz60TRj+0OPga/0ZEsCCgG/Df17E7z2kbkoe5Ld+dEj3Tw==",
      "dev": true,
      "license": "FSL-1.1-MIT",
      "optional": true,
      "os": [
        "darwin"
      ],
      "engines": {
        "node": ">=18"
      }
    },
    "node_modules/@sentry/cli-linux-arm": {
      "version": "3.7.0",
      "resolved": "https://registry.npmjs.org/@sentry/cli-linux-arm/-/cli-linux-arm-3.7.0.tgz",
      "integrity": "sha512-PKEFwwRCOG92u2dXusLbRK4cZ7XXlaUY8TkhaZy/PJ/FNsST7Sh+MbdWQCgPB0FsvZrgImcKIEyCJZtc0GunJg==",
      "cpu": [
        "arm"
      ],
      "dev": true,
      "license": "FSL-1.1-MIT",
      "optional": true,
      "os": [
        "linux",
        "freebsd",
        "android"
      ],
      "engines": {
        "node": ">=18"
      }
    },
    "node_modules/@sentry/cli-linux-arm64": {
      "version": "3.7.0",
      "resolved": "https://registry.npmjs.org/@sentry/cli-linux-arm64/-/cli-linux-arm64-3.7.0.tgz",
      "integrity": "sha512-m6VlsDJBo9/9ufASv4m4heKS0zfgUJdcSvKgIQerZaLwKOfhY8OP7zhlJPkFmnFjOjyvNyaqzoR00EnlprdwFw==",
      "cpu": [
        "arm64"
      ],
      "dev": true,
      "license": "FSL-1.1-MIT",
      "optional": true,
      "os": [
        "linux",
        "freebsd",
        "android"
      ],
      "engines": {
        "node": ">=18"
      }
    },
    "node_modules/@sentry/cli-linux-i686": {
      "version": "3.7.0",
      "resolved": "https://registry.npmjs.org/@sentry/cli-linux-i686/-/cli-linux-i686-3.7.0.tgz",
      "integrity": "sha512-6NeOPqsPuyrOgVGPFunPxgqHCes+a8r6pbCgq9+qSD3oa5fk9H0KOKB0sIC0YyH43OGzdzmwn0XNbdF6jwJO6A==",
      "cpu": [
        "x86",
        "ia32"
      ],
      "dev": true,
      "license": "FSL-1.1-MIT",
      "optional": true,
      "os": [
        "linux",
        "freebsd",
        "android"
      ],
      "engines": {
        "node": ">=18"
      }
    },
    "node_modules/@sentry/cli-linux-x64": {
      "version": "3.7.0",
      "resolved": "https://registry.npmjs.org/@sentry/cli-linux-x64/-/cli-linux-x64-3.7.0.tgz",
      "integrity": "sha512-74R9fuAldhC38Aoco8XQWTBvs2T2NatrDvI/ISHihej2oSnbQmL7krJF3yWn33MchQWrsFKgg7mboqemJnreZA==",
      "cpu": [
        "x64"
      ],
      "dev": true,
      "license": "FSL-1.1-MIT",
      "optional": true,
      "os": [
        "linux",
        "freebsd",
        "android"
      ],
      "engines": {
        "node": ">=18"
      }
    },
    "node_modules/@sentry/cli-win32-arm64": {
      "version": "3.7.0",
      "resolved": "https://registry.npmjs.org/@sentry/cli-win32-arm64/-/cli-win32-arm64-3.7.0.tgz",
      "integrity": "sha512-xhmTUW3N3m8iZ4mkV8SrNOr5UN8+6zpvlvJxCK6Z15Tp8S14N1T+hfKeyL2xpLxBcd7Q7oW1dYXUl5b7BHNqjw==",
      "cpu": [
        "arm64"
      ],
      "dev": true,
      "license": "FSL-1.1-MIT",
      "optional": true,
      "os": [
        "win32"
      ],
      "engines": {
        "node": ">=18"
      }
    },
    "node_modules/@sentry/cli-win32-i686": {
      "version": "3.7.0",
      "resolved": "https://registry.npmjs.org/@sentry/cli-win32-i686/-/cli-win32-i686-3.7.0.tgz",
      "integrity": "sha512-/CvFzrCWUB0URWKYQeoNs8UbPJcBz6KD/AX27reyQxPd8S3AnTwcaYfCf8SRHEH9Iu+1IKzi5tUUNUB18b7ijg==",
      "cpu": [
        "x86",
        "ia32"
      ],
      "dev": true,
      "license": "FSL-1.1-MIT",
      "optional": true,
      "os": [
        "win32"
      ],
      "engines": {
        "node": ">=18"
      }
    },
    "node_modules/@sentry/cli-win32-x64": {
      "version": "3.7.0",
      "resolved": "https://registry.npmjs.org/@sentry/cli-win32-x64/-/cli-win32-x64-3.7.0.tgz",
      "integrity": "sha512-PNW1O6sZw3JXhhJFgOiW7isFHX/qbniIDxswM7kb0wF2aVUpLXLltbezchWwTAxIRXo9gcu/oMTK0rntdqL5Eg==",
      "cpu": [
        "x64"
      ],
      "dev": true,
      "license": "FSL-1.1-MIT",
      "optional": true,
      "os": [
        "win32"
      ],
      "engines": {
        "node": ">=18"
      }
    },
    "node_modules/@sentry/conventions": {
      "version": "0.16.0",
      "resolved": "https://registry.npmjs.org/@sentry/conventions/-/conventions-0.16.0.tgz",
      "integrity": "sha512-fO9PLmHdVURcSPUpWCItWAtgKiMwGdJHbovoSEyLplX5sxs2ugvI4CBPTrkkgqhObnZOD0CnWBKDzSVQYBKEyQ==",
      "dev": true,
      "license": "MIT",
      "engines": {
        "node": ">=14"
      }
    },
    "node_modules/@sentry/core": {
      "version": "10.73.0",
      "resolved": "https://registry.npmjs.org/@sentry/core/-/core-10.73.0.tgz",
      "integrity": "sha512-FLO1UgH19RyasVpofu612WCOgb2nEH0dZy+R72d7p65XU9i0wxlMKm3+sgfwKmiSJp1Qhilaaxs4Jg6BbiM5HA==",
      "dev": true,
      "license": "MIT",
      "dependencies": {
        "@sentry/conventions": "^0.16.0"
      },
      "engines": {
        "node": ">=18"
      }
    },
    "node_modules/@sentry/feedback": {
      "version": "10.73.0",
      "resolved": "https://registry.npmjs.org/@sentry/feedback/-/feedback-10.73.0.tgz",
      "integrity": "sha512-D6nSngX+e46Mae2/oh2bxBvxNK1z2NERbuMAhB5sx9x4xMBWIyGnYYTECehvEqV9+AqGAgxxhOZoYIG3AmRwww==",
      "dev": true,
      "license": "MIT",
      "dependencies": {
        "@sentry/core": "10.73.0"
      },
      "engines": {
        "node": ">=18"
      }
    },
    "node_modules/@sentry/replay": {
      "version": "10.73.0",
      "resolved": "https://registry.npmjs.org/@sentry/replay/-/replay-10.73.0.tgz",
      "integrity": "sha512-nN2wjN/Y0J5BOJV5hqRHUEBfxwUsipp1PKjcDHh6Fpxnrtfldu3Y99E8cQInseo5heFdzEvrOHBBrqWZXOHVKQ==",
      "dev": true,
      "license": "MIT",
      "dependencies": {
        "@sentry/browser-utils": "10.73.0",
        "@sentry/core": "10.73.0"
      },
      "engines": {
        "node": ">=18"
      }
    },
    "node_modules/@sentry/replay-canvas": {
      "version": "10.73.0",
      "resolved": "https://registry.npmjs.org/@sentry/replay-canvas/-/replay-canvas-10.73.0.tgz",
      "integrity": "sha512-sxa2lKkHPfF/j5xFpW7gocthWXRqyoHz8KCPy6yGc8plT477nl57iGSKhQDYsx1Ny10TLjs7YkIuPP1GY/Ax2Q==",
      "dev": true,
      "license": "MIT",
      "dependencies": {
        "@sentry/core": "10.73.0",
        "@sentry/replay": "10.73.0"
      },
      "engines": {
        "node": ">=18"
      }
    },
    "node_modules/axe-core": {
      "version": "4.13.0",
      "resolved": "https://registry.npmjs.org/axe-core/-/axe-core-4.13.0.tgz",
      "integrity": "sha512-UzGt8zg7Ny8djbYMhxl2zuEevVa7r2gJjYY5Lwr1xM7+XU2nd6CkIWFTVcCIbAP63vSz71NaVyyuSk9lHKcy0A==",
      "dev": true,
      "license": "MPL-2.0",
      "engines": {
        "node": ">=4"
      }
    },
    "node_modules/isexe": {
      "version": "2.0.0",
      "resolved": "https://registry.npmjs.org/isexe/-/isexe-2.0.0.tgz",
      "integrity": "sha512-RHxMLp9lnKHGHRng9QFhRCMbYAcVpn69smSGcq3f36xjgVVWThj4qqLbTLlq7Ssj8B+fIQ1EuCEGI2lKsyQeIw==",
      "dev": true,
      "license": "ISC"
    },
    "node_modules/playwright": {
      "version": "1.63.0",
      "resolved": "https://registry.npmjs.org/playwright/-/playwright-1.63.0.tgz",
      "integrity": "sha512-+7ziBLidS4NaNCdt57SUDT+wYmmd5fmiQejUic/kb+YsYSCPyOOE9sebzMjNmQrsnNpDJqd4WHvV/8lfKfUDUg==",
      "dev": true,
      "license": "Apache-2.0",
      "dependencies": {
        "playwright-core": "1.63.0"
      },
      "bin": {
        "playwright": "cli.js"
      },
      "engines": {
        "node": ">=20"
      }
    },
    "node_modules/playwright-core": {
      "version": "1.63.0",
      "resolved": "https://registry.npmjs.org/playwright-core/-/playwright-core-1.63.0.tgz",
      "integrity": "sha512-rYCsBF/M5HjUch52bbtVONEFjv6Xu8sm8h72dNlR5bzIE1fvC/bxgspzkjSfU+MweEMmPM8KJebG6nnyxo5mCg==",
      "dev": true,
      "license": "Apache-2.0",
      "bin": {
        "playwright-core": "cli.js"
      },
      "engines": {
        "node": ">=20"
      }
    },
    "node_modules/progress": {
      "version": "2.0.3",
      "resolved": "https://registry.npmjs.org/progress/-/progress-2.0.3.tgz",
      "integrity": "sha512-7PiHtLll5LdnKIMw100I+8xJXR5gW2QwWYkT6iJva0bXitZKa/XMrSbdmg3r2Xnaidz9Qumd0VPaMrZlF9V9sA==",
      "dev": true,
      "license": "MIT",
      "engines": {
        "node": ">=0.4.0"
      }
    },
    "node_modules/proxy-from-env": {
      "version": "1.1.0",
      "resolved": "https://registry.npmjs.org/proxy-from-env/-/proxy-from-env-1.1.0.tgz",
      "integrity": "sha512-D+zkORCbA9f1tdWRK0RaCR3GPv50cMxcrz4X8k5LTSUD1Dkw47mKJEZQNunItRTkWwgtaUSo1RVFRIG9ZXiFYg==",
      "dev": true,
      "license": "MIT"
    },
    "node_modules/undici": {
      "version": "6.28.0",
      "resolved": "https://registry.npmjs.org/undici/-/undici-6.28.0.tgz",
      "integrity": "sha512-LIY910g9TI13YS95lrMFrs8Rm/u/irgHeTWoKCoteeJ04CUJ92eEfj0rVn+7VKMPBpUPiUoBKfhNyLI23EE/KA==",
      "dev": true,
      "license": "MIT",
      "engines": {
        "node": ">=18.17"
      }
    },
    "node_modules/which": {
      "version": "2.0.2",
      "resolved": "https://registry.npmjs.org/which/-/which-2.0.2.tgz",
      "integrity": "sha512-BLI3Tl1TW3Pvl70l3yq3Y64i+awpwXqsGBYWkkqMtnbXgrMD+yj7rhW0kuEDxzJaYXGjEW5ogapKNMEKNMjibA==",
      "dev": true,
      "license": "ISC",
      "dependencies": {
        "isexe": "^2.0.0"
      },
      "bin": {
        "node-which": "bin/node-which"
      },
      "engines": {
        "node": ">= 8"
      }
    }
  }
}
