{
  "name": "ua-dim-quality-gates",
  "lockfileVersion": 3,
  "requires": true,
  "packages": {
    "": {
      "name": "ua-dim-quality-gates",
      "devDependencies": {
        "@axe-core/playwright": "4.13.0",
        "@playwright/test": "1.62.1",
        "@sentry/browser": "10.70.0",
        "@sentry/cli": "3.6.2"
      }
    },
    "node_modules/@axe-core/playwright": {
      "version": "4.13.0",
      "resolved": "https://registry.npmjs.org/@axe-core/playwright/-/playwright-4.13.0.tgz",
      "integrity": "sha512-6YLx+kxXu5GJceG4ozFg+33a2EMTdjYwWGloJ3sb9Kta5pp+ZNS53uxGVog5JetIY8s++P5UrtX+cri+u0VAVg==",
      "dev": true,
      "license": "MPL-2.0",
      "dependencies": {
        "axe-core": "~4.13.0"
      },
      "peerDependencies": {
        "playwright-core": ">= 1.0.0"
      }
    },
    "node_modules/@playwright/test": {
      "version": "1.62.1",
      "resolved": "https://registry.npmjs.org/@playwright/test/-/test-1.62.1.tgz",
      "integrity": "sha512-DTcUc8qii+cpHvtOwggMtBRMjKZHXYWdw8syRYu2vtzuq4Wxphqq4NfCs5Zt44L6mA8rfDfj+PHnxFc/FeK6mQ==",
      "dev": true,
      "license": "Apache-2.0",
      "dependencies": {
        "playwright": "1.62.1"
      },
      "bin": {
        "playwright": "cli.js"
      },
      "engines": {
        "node": ">=20"
      }
    },
    "node_modules/@sentry/browser": {
      "version": "10.70.0",
      "resolved": "https://registry.npmjs.org/@sentry/browser/-/browser-10.70.0.tgz",
      "integrity": "sha512-IK6+J+8H06tZe+A8L37TT5ZxxwNtyQatW8zl5RYYJ/e9CsjrM8fPi8I1OT7uquTw8UtjqFHt7bEef/Vy63ksPg==",
      "dev": true,
      "license": "MIT",
      "dependencies": {
        "@sentry/browser-utils": "10.70.0",
        "@sentry/conventions": "^0.16.0",
        "@sentry/core": "10.70.0",
        "@sentry/feedback": "10.70.0",
        "@sentry/replay": "10.70.0",
        "@sentry/replay-canvas": "10.70.0"
      },
      "engines": {
        "node": ">=18"
      }
    },
    "node_modules/@sentry/browser-utils": {
      "version": "10.70.0",
      "resolved": "https://registry.npmjs.org/@sentry/browser-utils/-/browser-utils-10.70.0.tgz",
      "integrity": "sha512-IvjhafF5NFXrPCg5EHbAPGDwIhHxgUcLlHTklZ3DAdA6ky88BJYMfevbcnOEmgavf4nylhCaquRUFNB5+szj+A==",
      "dev": true,
      "license": "MIT",
      "dependencies": {
        "@sentry/conventions": "^0.16.0",
        "@sentry/core": "10.70.0"
      },
      "engines": {
        "node": ">=18"
      }
    },
    "node_modules/@sentry/cli": {
      "version": "3.6.2",
      "resolved": "https://registry.npmjs.org/@sentry/cli/-/cli-3.6.2.tgz",
      "integrity": "sha512-/OcDsuz005C1tuauNhTd8/XNBHCfHiy46Wru4hAKBaziywgSA52lMSEznh6mWmHjPe/FoaDLpYt3Zd9qk3G0RA==",
      "dev": true,
      "hasInstallScript": true,
      "license": "FSL-1.1-MIT",
      "dependencies": {
        "progress": "^2.0.3",
        "proxy-from-env": "^1.1.0",
        "undici": "^6.22.0",
        "which": "^2.0.2"
      },
      "bin": {
        "sentry-cli": "bin/sentry-cli"
      },
      "engines": {
        "node": ">= 18"
      },
      "optionalDependencies": {
        "@sentry/cli-darwin": "3.6.2",
        "@sentry/cli-linux-arm": "3.6.2",
        "@sentry/cli-linux-arm64": "3.6.2",
        "@sentry/cli-linux-i686": "3.6.2",
        "@sentry/cli-linux-x64": "3.6.2",
        "@sentry/cli-win32-arm64": "3.6.2",
        "@sentry/cli-win32-i686": "3.6.2",
        "@sentry/cli-win32-x64": "3.6.2"
      }
    },
    "node_modules/@sentry/cli-darwin": {
      "version": "3.6.2",
      "resolved": "https://registry.npmjs.org/@sentry/cli-darwin/-/cli-darwin-3.6.2.tgz",
      "integrity": "sha512-/ZIMLblj6ncwguhOPw5YL9018iaD2RBhxhbHBxjaowy1vrmnzoCurGe4n5Vv7PaS21ldAHtHNqJwNqHJS4XHUw==",
      "dev": true,
      "license": "FSL-1.1-MIT",
      "optional": true,
      "os": [
        "darwin"
      ],
      "engines": {
        "node": ">=18"
      }
    },
    "node_modules/@sentry/cli-linux-arm": {
      "version": "3.6.2",
      "resolved": "https://registry.npmjs.org/@sentry/cli-linux-arm/-/cli-linux-arm-3.6.2.tgz",
      "integrity": "sha512-b2M+1ujgf7jHig9r88T2l2HEkg0XR/1Tmo1LCiPg4dsPKtTMC2Rb/f0Mto83//zkVijAA2WDBhznOz9a9Ouo7Q==",
      "cpu": [
        "arm"
      ],
      "dev": true,
      "license": "FSL-1.1-MIT",
      "optional": true,
      "os": [
        "linux",
        "freebsd",
        "android"
      ],
      "engines": {
        "node": ">=18"
      }
    },
    "node_modules/@sentry/cli-linux-arm64": {
      "version": "3.6.2",
      "resolved": "https://registry.npmjs.org/@sentry/cli-linux-arm64/-/cli-linux-arm64-3.6.2.tgz",
      "integrity": "sha512-KMHW+CIT5H046I1hIYJ6vZmwlbBELZDOTt9Bgue3kqpW5CuvviMeMuuIKXM2oKHr/l4Q1Xnj07oTbVNb1opTsg==",
      "cpu": [
        "arm64"
      ],
      "dev": true,
      "license": "FSL-1.1-MIT",
      "optional": true,
      "os": [
        "linux",
        "freebsd",
        "android"
      ],
      "engines": {
        "node": ">=18"
      }
    },
    "node_modules/@sentry/cli-linux-i686": {
      "version": "3.6.2",
      "resolved": "https://registry.npmjs.org/@sentry/cli-linux-i686/-/cli-linux-i686-3.6.2.tgz",
      "integrity": "sha512-tsLTOfJBoUkHfcCjUKxb/w1/WGLU00WJUO5zJztgLHKlebrjGAEiKM+8EPexb2hiW4F/P6UXL+4xXPKANk5JXQ==",
      "cpu": [
        "x86",
        "ia32"
      ],
      "dev": true,
      "license": "FSL-1.1-MIT",
      "optional": true,
      "os": [
        "linux",
        "freebsd",
        "android"
      ],
      "engines": {
        "node": ">=18"
      }
    },
    "node_modules/@sentry/cli-linux-x64": {
      "version": "3.6.2",
      "resolved": "https://registry.npmjs.org/@sentry/cli-linux-x64/-/cli-linux-x64-3.6.2.tgz",
      "integrity": "sha512-CHwfSJYkPe4w96EovIY/iWfxHnf5gvRYh0BGHCPcQ9knhrgWUJqbHqi3lNfEDZmzCxJ76RqPrnLMW6syoSqXow==",
      "cpu": [
        "x64"
      ],
      "dev": true,
      "license": "FSL-1.1-MIT",
      "optional": true,
      "os": [
        "linux",
        "freebsd",
        "android"
      ],
      "engines": {
        "node": ">=18"
      }
    },
    "node_modules/@sentry/cli-win32-arm64": {
      "version": "3.6.2",
      "resolved": "https://registry.npmjs.org/@sentry/cli-win32-arm64/-/cli-win32-arm64-3.6.2.tgz",
      "integrity": "sha512-lTqOPbLexkKnXmuIK8qszv+trpX8fQiZAJoeClVA1+hOerVyrLP9eU2tUqTm/8YW8G/M+mu3ZxAtDvS3OpHvZw==",
      "cpu": [
        "arm64"
      ],
      "dev": true,
      "license": "FSL-1.1-MIT",
      "optional": true,
      "os": [
        "win32"
      ],
      "engines": {
        "node": ">=18"
      }
    },
    "node_modules/@sentry/cli-win32-i686": {
      "version": "3.6.2",
      "resolved": "https://registry.npmjs.org/@sentry/cli-win32-i686/-/cli-win32-i686-3.6.2.tgz",
      "integrity": "sha512-niUPoxN8p7jWrkvC0ekgpcIYEJNb5YxmuXRjUnOJrArwQs+4OPzRM+3e6JIYRXe7RDoUP63j1voYakEncuxioQ==",
      "cpu": [
        "x86",
        "ia32"
      ],
      "dev": true,
      "license": "FSL-1.1-MIT",
      "optional": true,
      "os": [
        "win32"
      ],
      "engines": {
        "node": ">=18"
      }
    },
    "node_modules/@sentry/cli-win32-x64": {
      "version": "3.6.2",
      "resolved": "https://registry.npmjs.org/@sentry/cli-win32-x64/-/cli-win32-x64-3.6.2.tgz",
      "integrity": "sha512-Xg6ieuJr/1Ewtdpm9Kudb029lJxnfs3Ae/fLZNAOnvWOie/V4V/X+tgZ+lETC3lU+7yz7Gb0f25gKnU6sPBKVg==",
      "cpu": [
        "x64"
      ],
      "dev": true,
      "license": "FSL-1.1-MIT",
      "optional": true,
      "os": [
        "win32"
      ],
      "engines": {
        "node": ">=18"
      }
    },
    "node_modules/@sentry/conventions": {
      "version": "0.16.0",
      "resolved": "https://registry.npmjs.org/@sentry/conventions/-/conventions-0.16.0.tgz",
      "integrity": "sha512-fO9PLmHdVURcSPUpWCItWAtgKiMwGdJHbovoSEyLplX5sxs2ugvI4CBPTrkkgqhObnZOD0CnWBKDzSVQYBKEyQ==",
      "dev": true,
      "license": "MIT",
      "engines": {
        "node": ">=14"
      }
    },
    "node_modules/@sentry/core": {
      "version": "10.70.0",
      "resolved": "https://registry.npmjs.org/@sentry/core/-/core-10.70.0.tgz",
      "integrity": "sha512-ozhCTDqg89oB4XmWfAwuHshABpvT7AkRpaPnogopPfMAaI61G1t8EKCJ4W7aum8JSBonlfyjPCyW5oYZFm0KvA==",
      "dev": true,
      "license": "MIT",
      "dependencies": {
        "@sentry/conventions": "^0.16.0"
      },
      "engines": {
        "node": ">=18"
      }
    },
    "node_modules/@sentry/feedback": {
      "version": "10.70.0",
      "resolved": "https://registry.npmjs.org/@sentry/feedback/-/feedback-10.70.0.tgz",
      "integrity": "sha512-6VQn2ETJjHkk4QQDdx/587/JDfXsk3yBTLZ3UZOMtBVrkmwgk+1FJZ8ULJ3ud1xZcuh2icunIkc7tGVv2axdnw==",
      "dev": true,
      "license": "MIT",
      "dependencies": {
        "@sentry/core": "10.70.0"
      },
      "engines": {
        "node": ">=18"
      }
    },
    "node_modules/@sentry/replay": {
      "version": "10.70.0",
      "resolved": "https://registry.npmjs.org/@sentry/replay/-/replay-10.70.0.tgz",
      "integrity": "sha512-xMnSGzJn9Xd29rYd32lkx/gFW+5mtgqADJ2FiZvis0MBGZuDlNRwPn0/Cs1xA3JNXKV3NGfhdmmvs90w4dHSmw==",
      "dev": true,
      "license": "MIT",
      "dependencies": {
        "@sentry/browser-utils": "10.70.0",
        "@sentry/core": "10.70.0"
      },
      "engines": {
        "node": ">=18"
      }
    },
    "node_modules/@sentry/replay-canvas": {
      "version": "10.70.0",
      "resolved": "https://registry.npmjs.org/@sentry/replay-canvas/-/replay-canvas-10.70.0.tgz",
      "integrity": "sha512-irzpw22bK5CF3jbecDa0gBUcfjv7tgeUoLAvtIfeHOP5ajmf3o4Cp99a9RQqkfgvkcMeRZBUwE91SQhp6Ank+w==",
      "dev": true,
      "license": "MIT",
      "dependencies": {
        "@sentry/core": "10.70.0",
        "@sentry/replay": "10.70.0"
      },
      "engines": {
        "node": ">=18"
      }
    },
    "node_modules/axe-core": {
      "version": "4.13.0",
      "resolved": "https://registry.npmjs.org/axe-core/-/axe-core-4.13.0.tgz",
      "integrity": "sha512-UzGt8zg7Ny8djbYMhxl2zuEevVa7r2gJjYY5Lwr1xM7+XU2nd6CkIWFTVcCIbAP63vSz71NaVyyuSk9lHKcy0A==",
      "dev": true,
      "license": "MPL-2.0",
      "engines": {
        "node": ">=4"
      }
    },
    "node_modules/fsevents": {
      "version": "2.3.2",
      "resolved": "https://registry.npmjs.org/fsevents/-/fsevents-2.3.2.tgz",
      "integrity": "sha512-xiqMQR4xAeHTuB9uWm+fFRcIOgKBMiOBP+eXiyT7jsgVCq1bkVygt00oASowB7EdtpOHaaPgKt812P9ab+DDKA==",
      "dev": true,
      "hasInstallScript": true,
      "license": "MIT",
      "optional": true,
      "os": [
        "darwin"
      ],
      "engines": {
        "node": "^8.16.0 || ^10.6.0 || >=11.0.0"
      }
    },
    "node_modules/isexe": {
      "version": "2.0.0",
      "resolved": "https://registry.npmjs.org/isexe/-/isexe-2.0.0.tgz",
      "integrity": "sha512-RHxMLp9lnKHGHRng9QFhRCMbYAcVpn69smSGcq3f36xjgVVWThj4qqLbTLlq7Ssj8B+fIQ1EuCEGI2lKsyQeIw==",
      "dev": true,
      "license": "ISC"
    },
    "node_modules/playwright": {
      "version": "1.62.1",
      "resolved": "https://registry.npmjs.org/playwright/-/playwright-1.62.1.tgz",
      "integrity": "sha512-0M+L3LAD8/nm554LOla9Ayx0j0tmFZ0FBcoQ7F1VuVHpM/XpiC8RcDzBQB8W5+hA8L22THxELzeF+2WcUzvcLg==",
      "dev": true,
      "license": "Apache-2.0",
      "dependencies": {
        "playwright-core": "1.62.1"
      },
      "bin": {
        "playwright": "cli.js"
      },
      "engines": {
        "node": ">=20"
      },
      "optionalDependencies": {
        "fsevents": "2.3.2"
      }
    },
    "node_modules/playwright-core": {
      "version": "1.62.1",
      "resolved": "https://registry.npmjs.org/playwright-core/-/playwright-core-1.62.1.tgz",
      "integrity": "sha512-wPYSwEBJY9GHraISXqyqtx0na0LpO3XEX7jNDhntbex7tzUS7kLnZsOlFruFJB4Hi/rhDMjXGqHewDZ68nYZVw==",
      "dev": true,
      "license": "Apache-2.0",
      "bin": {
        "playwright-core": "cli.js"
      },
      "engines": {
        "node": ">=20"
      }
    },
    "node_modules/progress": {
      "version": "2.0.3",
      "resolved": "https://registry.npmjs.org/progress/-/progress-2.0.3.tgz",
      "integrity": "sha512-7PiHtLll5LdnKIMw100I+8xJXR5gW2QwWYkT6iJva0bXitZKa/XMrSbdmg3r2Xnaidz9Qumd0VPaMrZlF9V9sA==",
      "dev": true,
      "license": "MIT",
      "engines": {
        "node": ">=0.4.0"
      }
    },
    "node_modules/proxy-from-env": {
      "version": "1.1.0",
      "resolved": "https://registry.npmjs.org/proxy-from-env/-/proxy-from-env-1.1.0.tgz",
      "integrity": "sha512-D+zkORCbA9f1tdWRK0RaCR3GPv50cMxcrz4X8k5LTSUD1Dkw47mKJEZQNunItRTkWwgtaUSo1RVFRIG9ZXiFYg==",
      "dev": true,
      "license": "MIT"
    },
    "node_modules/undici": {
      "version": "6.28.0",
      "resolved": "https://registry.npmjs.org/undici/-/undici-6.28.0.tgz",
      "integrity": "sha512-LIY910g9TI13YS95lrMFrs8Rm/u/irgHeTWoKCoteeJ04CUJ92eEfj0rVn+7VKMPBpUPiUoBKfhNyLI23EE/KA==",
      "dev": true,
      "license": "MIT",
      "engines": {
        "node": ">=18.17"
      }
    },
    "node_modules/which": {
      "version": "2.0.2",
      "resolved": "https://registry.npmjs.org/which/-/which-2.0.2.tgz",
      "integrity": "sha512-BLI3Tl1TW3Pvl70l3yq3Y64i+awpwXqsGBYWkkqMtnbXgrMD+yj7rhW0kuEDxzJaYXGjEW5ogapKNMEKNMjibA==",
      "dev": true,
      "license": "ISC",
      "dependencies": {
        "isexe": "^2.0.0"
      },
      "bin": {
        "node-which": "bin/node-which"
      },
      "engines": {
        "node": ">= 8"
      }
    }
  }
}
