{
  "name": "ua-dim-quality-gates",
  "lockfileVersion": 3,
  "requires": true,
  "packages": {
    "": {
      "name": "ua-dim-quality-gates",
      "devDependencies": {
        "@axe-core/playwright": "4.13.0",
        "@netlify/edge-functions": "^4.0.0",
        "@playwright/test": "1.63.0",
        "@sentry/browser": "10.75.0",
        "@sentry/cli": "3.8.0"
      }
    },
    "node_modules/@axe-core/playwright": {
      "version": "4.13.0",
      "resolved": "https://registry.npmjs.org/@axe-core/playwright/-/playwright-4.13.0.tgz",
      "integrity": "sha512-6YLx+kxXu5GJceG4ozFg+33a2EMTdjYwWGloJ3sb9Kta5pp+ZNS53uxGVog5JetIY8s++P5UrtX+cri+u0VAVg==",
      "dev": true,
      "license": "MPL-2.0",
      "dependencies": {
        "axe-core": "~4.13.0"
      },
      "peerDependencies": {
        "playwright-core": ">= 1.0.0"
      }
    },
    "node_modules/@netlify/edge-functions": {
      "version": "4.0.0",
      "resolved": "https://registry.npmjs.org/@netlify/edge-functions/-/edge-functions-4.0.0.tgz",
      "integrity": "sha512-0jerPQQ5mLczl7jwCRfTJsLcaiXbvPOC+Whtxxk7IHdz24OvZGjUtVHAxhppjT8wcX48I7C6oAff04QdQDMTfw==",
      "dev": true,
      "license": "MIT",
      "dependencies": {
        "@netlify/types": "3.0.0"
      },
      "engines": {
        "node": ">=22.12.0"
      }
    },
    "node_modules/@netlify/types": {
      "version": "3.0.0",
      "resolved": "https://registry.npmjs.org/@netlify/types/-/types-3.0.0.tgz",
      "integrity": "sha512-zRCidsQgI4CZWrZB/kmwdPf0QbSNljakfNSLizFvrsSA3UcUrTWSBNMVKmZnob92/8ESeUN0ewXLOlffJU+ATQ==",
      "dev": true,
      "license": "MIT",
      "engines": {
        "node": ">=22.12.0"
      }
    },
    "node_modules/@playwright/test": {
      "version": "1.63.0",
      "resolved": "https://registry.npmjs.org/@playwright/test/-/test-1.63.0.tgz",
      "integrity": "sha512-oxMK4vllB9RK5NQ2l1pq1IfOf2AvnEuj/vYGDj0H2nMtmtZpKtCwt/l00GEO6xjGfpBNAvjovvYdCm50dRQkpQ==",
      "dev": true,
      "license": "Apache-2.0",
      "dependencies": {
        "playwright": "1.63.0"
      },
      "bin": {
        "playwright": "cli.js"
      },
      "engines": {
        "node": ">=20"
      }
    },
    "node_modules/@sentry/browser": {
      "version": "10.75.0",
      "resolved": "https://registry.npmjs.org/@sentry/browser/-/browser-10.75.0.tgz",
      "integrity": "sha512-CKGSJLWISQ6LgMaGnMpY+XvwWQ2iiHTayUs6SGLIvYeaGo2GTjS/Z4pnbCVHb2t1VxLZksyehgcC6ZYGJeQpzQ==",
      "dev": true,
      "license": "MIT",
      "dependencies": {
        "@sentry/browser-utils": "10.75.0",
        "@sentry/conventions": "^0.16.0",
        "@sentry/core": "10.75.0",
        "@sentry/feedback": "10.75.0",
        "@sentry/replay": "10.75.0",
        "@sentry/replay-canvas": "10.75.0"
      },
      "engines": {
        "node": ">=18"
      }
    },
    "node_modules/@sentry/browser-utils": {
      "version": "10.75.0",
      "resolved": "https://registry.npmjs.org/@sentry/browser-utils/-/browser-utils-10.75.0.tgz",
      "integrity": "sha512-yZfdQ87RLat/7retF8zA6Z9zCAT12IyaPvIiu+bbi1E1V1OqDpS8MKNa/6LF69Ap7DVTORi9ITEgjlAqTXF0xQ==",
      "dev": true,
      "license": "MIT",
      "dependencies": {
        "@sentry/conventions": "^0.16.0",
        "@sentry/core": "10.75.0"
      },
      "engines": {
        "node": ">=18"
      }
    },
    "node_modules/@sentry/cli": {
      "version": "3.8.0",
      "resolved": "https://registry.npmjs.org/@sentry/cli/-/cli-3.8.0.tgz",
      "integrity": "sha512-P/Zq0QEXnBbNX8oxd1maHKD06oAH5fxHsxt8QjEzi2J14w4hvwUi6FcMDf7eyuUkdQs8+OvOKeq/9pLuZxVVxQ==",
      "dev": true,
      "hasInstallScript": true,
      "license": "FSL-1.1-MIT",
      "dependencies": {
        "progress": "^2.0.3",
        "proxy-from-env": "^1.1.0",
        "undici": "^6.22.0",
        "which": "^2.0.2"
      },
      "bin": {
        "sentry-cli": "bin/sentry-cli"
      },
      "engines": {
        "node": ">= 18"
      },
      "optionalDependencies": {
        "@sentry/cli-darwin": "3.8.0",
        "@sentry/cli-linux-arm": "3.8.0",
        "@sentry/cli-linux-arm64": "3.8.0",
        "@sentry/cli-linux-i686": "3.8.0",
        "@sentry/cli-linux-x64": "3.8.0",
        "@sentry/cli-win32-arm64": "3.8.0",
        "@sentry/cli-win32-i686": "3.8.0",
        "@sentry/cli-win32-x64": "3.8.0"
      }
    },
    "node_modules/@sentry/cli-darwin": {
      "version": "3.8.0",
      "resolved": "https://registry.npmjs.org/@sentry/cli-darwin/-/cli-darwin-3.8.0.tgz",
      "integrity": "sha512-i+qTGaHqL6LaIfMYuEohExJyzZwvRRsiQm+vrol/WfFGvqogeijXAU2wXn3xBglszUK/ia1xWH4KxcnqNLOpdQ==",
      "dev": true,
      "license": "FSL-1.1-MIT",
      "optional": true,
      "os": [
        "darwin"
      ],
      "engines": {
        "node": ">=18"
      }
    },
    "node_modules/@sentry/cli-linux-arm": {
      "version": "3.8.0",
      "resolved": "https://registry.npmjs.org/@sentry/cli-linux-arm/-/cli-linux-arm-3.8.0.tgz",
      "integrity": "sha512-wcpKNI22usaf7ZIHLaWofHVN5wOlmTdVjnQO5pYqDZNHRvhbO7HwZfLghR/p7aLuhETtePIFhcgjWlyU4uvWZQ==",
      "cpu": [
        "arm"
      ],
      "dev": true,
      "license": "FSL-1.1-MIT",
      "optional": true,
      "os": [
        "linux",
        "freebsd",
        "android"
      ],
      "engines": {
        "node": ">=18"
      }
    },
    "node_modules/@sentry/cli-linux-arm64": {
      "version": "3.8.0",
      "resolved": "https://registry.npmjs.org/@sentry/cli-linux-arm64/-/cli-linux-arm64-3.8.0.tgz",
      "integrity": "sha512-CS43j4vbLJBoB4c5MRZS7/nCf62yCnPIMQj7N+ZC50ze6EM8efEy4jq1ZZjz4G9u6AKuo6sntuaOlOGdZL5l6g==",
      "cpu": [
        "arm64"
      ],
      "dev": true,
      "license": "FSL-1.1-MIT",
      "optional": true,
      "os": [
        "linux",
        "freebsd",
        "android"
      ],
      "engines": {
        "node": ">=18"
      }
    },
    "node_modules/@sentry/cli-linux-i686": {
      "version": "3.8.0",
      "resolved": "https://registry.npmjs.org/@sentry/cli-linux-i686/-/cli-linux-i686-3.8.0.tgz",
      "integrity": "sha512-ckQ5XeY+D5ISyFKrGnmYt5xarqQ1VHPMBJQnwnG0Hb1V116efAIusK5NqoHMP0o5Bu17BRlaxYA1l81HmvKqFQ==",
      "cpu": [
        "x86",
        "ia32"
      ],
      "dev": true,
      "license": "FSL-1.1-MIT",
      "optional": true,
      "os": [
        "linux",
        "freebsd",
        "android"
      ],
      "engines": {
        "node": ">=18"
      }
    },
    "node_modules/@sentry/cli-linux-x64": {
      "version": "3.8.0",
      "resolved": "https://registry.npmjs.org/@sentry/cli-linux-x64/-/cli-linux-x64-3.8.0.tgz",
      "integrity": "sha512-jMXbyLIuGFW1uuFSByy54edkHPIaiCVyymKW0ia+lgA6nfFEH4Y1Z+bxXyK6BBr8TD6/P5ROqiPivg0oFEDciQ==",
      "cpu": [
        "x64"
      ],
      "dev": true,
      "license": "FSL-1.1-MIT",
      "optional": true,
      "os": [
        "linux",
        "freebsd",
        "android"
      ],
      "engines": {
        "node": ">=18"
      }
    },
    "node_modules/@sentry/cli-win32-arm64": {
      "version": "3.8.0",
      "resolved": "https://registry.npmjs.org/@sentry/cli-win32-arm64/-/cli-win32-arm64-3.8.0.tgz",
      "integrity": "sha512-AtfvaIZ9hK/l2Q2It6PLTtLlQTRe7179kZVi++qd98iE7Ix4ysdgshhozW5uUu4gI9kauJC/fhe21p9lr0uwlA==",
      "cpu": [
        "arm64"
      ],
      "dev": true,
      "license": "FSL-1.1-MIT",
      "optional": true,
      "os": [
        "win32"
      ],
      "engines": {
        "node": ">=18"
      }
    },
    "node_modules/@sentry/cli-win32-i686": {
      "version": "3.8.0",
      "resolved": "https://registry.npmjs.org/@sentry/cli-win32-i686/-/cli-win32-i686-3.8.0.tgz",
      "integrity": "sha512-lIbGRYAM4DZPzwLiqOsT/vwhOr0o1qqx46buxdMnH05KZAYzMtGDbK0X9iGdhWQLOOp1/2vuUNVgMgCzSDyHXA==",
      "cpu": [
        "x86",
        "ia32"
      ],
      "dev": true,
      "license": "FSL-1.1-MIT",
      "optional": true,
      "os": [
        "win32"
      ],
      "engines": {
        "node": ">=18"
      }
    },
    "node_modules/@sentry/cli-win32-x64": {
      "version": "3.8.0",
      "resolved": "https://registry.npmjs.org/@sentry/cli-win32-x64/-/cli-win32-x64-3.8.0.tgz",
      "integrity": "sha512-PJk9uYZsVnUcf7BfeJZcmgRIymRWojIVYCx3704VlOr65JFP5KmeKBVgHzfwPqLfjZaeerL81NO0fG3recDjqA==",
      "cpu": [
        "x64"
      ],
      "dev": true,
      "license": "FSL-1.1-MIT",
      "optional": true,
      "os": [
        "win32"
      ],
      "engines": {
        "node": ">=18"
      }
    },
    "node_modules/@sentry/conventions": {
      "version": "0.16.0",
      "resolved": "https://registry.npmjs.org/@sentry/conventions/-/conventions-0.16.0.tgz",
      "integrity": "sha512-fO9PLmHdVURcSPUpWCItWAtgKiMwGdJHbovoSEyLplX5sxs2ugvI4CBPTrkkgqhObnZOD0CnWBKDzSVQYBKEyQ==",
      "dev": true,
      "license": "MIT",
      "engines": {
        "node": ">=14"
      }
    },
    "node_modules/@sentry/core": {
      "version": "10.75.0",
      "resolved": "https://registry.npmjs.org/@sentry/core/-/core-10.75.0.tgz",
      "integrity": "sha512-5wDQpQqjJ6RHdPR+z6Q+47XlwoxRKBv0yyB0LKHqL/1azPOQbR+nllyLmmQDcoJpaksuLSmLA1q6hFX7gjDT2w==",
      "dev": true,
      "license": "MIT",
      "dependencies": {
        "@sentry/conventions": "^0.16.0"
      },
      "engines": {
        "node": ">=18"
      }
    },
    "node_modules/@sentry/feedback": {
      "version": "10.75.0",
      "resolved": "https://registry.npmjs.org/@sentry/feedback/-/feedback-10.75.0.tgz",
      "integrity": "sha512-YLVAFQXELJAOg7ke4oLkd8t5l0fJUockLlTQJg/2Trh7SB5Q4mkSwlnAkEAqDQ618vnpFsG/tnYMwtfZeffHjA==",
      "dev": true,
      "license": "MIT",
      "dependencies": {
        "@sentry/core": "10.75.0"
      },
      "engines": {
        "node": ">=18"
      }
    },
    "node_modules/@sentry/replay": {
      "version": "10.75.0",
      "resolved": "https://registry.npmjs.org/@sentry/replay/-/replay-10.75.0.tgz",
      "integrity": "sha512-p4xxEo/ayiMZG9tygr09YjqYAd52uq8Qi0EVoRRgUe70nQda0HVPVW519JLq0G+Th/5O5sKME9y1layLU3xlPg==",
      "dev": true,
      "license": "MIT",
      "dependencies": {
        "@sentry/browser-utils": "10.75.0",
        "@sentry/core": "10.75.0"
      },
      "engines": {
        "node": ">=18"
      }
    },
    "node_modules/@sentry/replay-canvas": {
      "version": "10.75.0",
      "resolved": "https://registry.npmjs.org/@sentry/replay-canvas/-/replay-canvas-10.75.0.tgz",
      "integrity": "sha512-LNokI5Ud22nZ/o2il/2SfbNIARupWrbS6Mh9jZroZTjD38FN0Oi9vIexj6h1HN81C6+lP2Tmpaj+fl3/wOizzA==",
      "dev": true,
      "license": "MIT",
      "dependencies": {
        "@sentry/core": "10.75.0",
        "@sentry/replay": "10.75.0"
      },
      "engines": {
        "node": ">=18"
      }
    },
    "node_modules/axe-core": {
      "version": "4.13.0",
      "resolved": "https://registry.npmjs.org/axe-core/-/axe-core-4.13.0.tgz",
      "integrity": "sha512-UzGt8zg7Ny8djbYMhxl2zuEevVa7r2gJjYY5Lwr1xM7+XU2nd6CkIWFTVcCIbAP63vSz71NaVyyuSk9lHKcy0A==",
      "dev": true,
      "license": "MPL-2.0",
      "engines": {
        "node": ">=4"
      }
    },
    "node_modules/isexe": {
      "version": "2.0.0",
      "resolved": "https://registry.npmjs.org/isexe/-/isexe-2.0.0.tgz",
      "integrity": "sha512-RHxMLp9lnKHGHRng9QFhRCMbYAcVpn69smSGcq3f36xjgVVWThj4qqLbTLlq7Ssj8B+fIQ1EuCEGI2lKsyQeIw==",
      "dev": true,
      "license": "ISC"
    },
    "node_modules/playwright": {
      "version": "1.63.0",
      "resolved": "https://registry.npmjs.org/playwright/-/playwright-1.63.0.tgz",
      "integrity": "sha512-+7ziBLidS4NaNCdt57SUDT+wYmmd5fmiQejUic/kb+YsYSCPyOOE9sebzMjNmQrsnNpDJqd4WHvV/8lfKfUDUg==",
      "dev": true,
      "license": "Apache-2.0",
      "dependencies": {
        "playwright-core": "1.63.0"
      },
      "bin": {
        "playwright": "cli.js"
      },
      "engines": {
        "node": ">=20"
      }
    },
    "node_modules/playwright-core": {
      "version": "1.63.0",
      "resolved": "https://registry.npmjs.org/playwright-core/-/playwright-core-1.63.0.tgz",
      "integrity": "sha512-rYCsBF/M5HjUch52bbtVONEFjv6Xu8sm8h72dNlR5bzIE1fvC/bxgspzkjSfU+MweEMmPM8KJebG6nnyxo5mCg==",
      "dev": true,
      "license": "Apache-2.0",
      "bin": {
        "playwright-core": "cli.js"
      },
      "engines": {
        "node": ">=20"
      }
    },
    "node_modules/progress": {
      "version": "2.0.3",
      "resolved": "https://registry.npmjs.org/progress/-/progress-2.0.3.tgz",
      "integrity": "sha512-7PiHtLll5LdnKIMw100I+8xJXR5gW2QwWYkT6iJva0bXitZKa/XMrSbdmg3r2Xnaidz9Qumd0VPaMrZlF9V9sA==",
      "dev": true,
      "license": "MIT",
      "engines": {
        "node": ">=0.4.0"
      }
    },
    "node_modules/proxy-from-env": {
      "version": "1.1.0",
      "resolved": "https://registry.npmjs.org/proxy-from-env/-/proxy-from-env-1.1.0.tgz",
      "integrity": "sha512-D+zkORCbA9f1tdWRK0RaCR3GPv50cMxcrz4X8k5LTSUD1Dkw47mKJEZQNunItRTkWwgtaUSo1RVFRIG9ZXiFYg==",
      "dev": true,
      "license": "MIT"
    },
    "node_modules/undici": {
      "version": "6.28.0",
      "resolved": "https://registry.npmjs.org/undici/-/undici-6.28.0.tgz",
      "integrity": "sha512-LIY910g9TI13YS95lrMFrs8Rm/u/irgHeTWoKCoteeJ04CUJ92eEfj0rVn+7VKMPBpUPiUoBKfhNyLI23EE/KA==",
      "dev": true,
      "license": "MIT",
      "engines": {
        "node": ">=18.17"
      }
    },
    "node_modules/which": {
      "version": "2.0.2",
      "resolved": "https://registry.npmjs.org/which/-/which-2.0.2.tgz",
      "integrity": "sha512-BLI3Tl1TW3Pvl70l3yq3Y64i+awpwXqsGBYWkkqMtnbXgrMD+yj7rhW0kuEDxzJaYXGjEW5ogapKNMEKNMjibA==",
      "dev": true,
      "license": "ISC",
      "dependencies": {
        "isexe": "^2.0.0"
      },
      "bin": {
        "node-which": "bin/node-which"
      },
      "engines": {
        "node": ">= 8"
      }
    }
  }
}
